{"filter":false,"title":"Gemfile.lock","tooltip":"/nagano_cake/Gemfile.lock","undoManager":{"mark":-1,"position":-1,"stack":[]},"ace":{"folds":[],"scrolltop":3060,"scrollleft":0,"selection":{"start":{"row":0,"column":0},"end":{"row":0,"column":0},"isBackwards":false},"options":{"guessTabSize":true,"useWrapMode":false,"wrapToView":true},"firstLineState":{"row":217,"state":"start","mode":"ace/mode/text"}},"timestamp":1674113253252,"hash":"a06717794e407b2f761b044208b928eb57d98e40"}