{"filter":false,"title":"Gemfile.lock","tooltip":"/Bookers2/Gemfile.lock","undoManager":{"mark":-1,"position":-1,"stack":[]},"ace":{"folds":[],"scrolltop":3530,"scrollleft":0,"selection":{"start":{"row":0,"column":0},"end":{"row":0,"column":0},"isBackwards":false},"options":{"guessTabSize":true,"useWrapMode":false,"wrapToView":true},"firstLineState":{"row":251,"state":"start","mode":"ace/mode/text"}},"timestamp":1671685796242,"hash":"119143dee0a0c06b239fd78e3a8ae56bbb83e92b"}